# This file is automatically @generated by Cargo.
# It is not intended for manual editing.
version = 4

[[package]]
name = "pomelo-hal"
version = "0.1.0"
source = "git+https://github.com/pomelos-on-sale/pomelo-hal.git?rev=80af97fdcbe15592b28f8fdbf2047308ad406551#80af97fdcbe15592b28f8fdbf2047308ad406551"

[[package]]
name = "pomelo-hal-esp32"
version = "0.1.0"
dependencies = [
 "pomelo-hal",
]
